
Microsoft Visual Studio Solution File, Format Version 12.00
# Visual Studio 15
VisualStudioVersion = 15.0.28010.0
MinimumVisualStudioVersion = 10.0.40219.1
Project("{FAE04EC0-301F-11D3-BF4B-00C04F79EFBC}") = "CustomAmmoCategories", "CustomAmmoCategories\CustomAmmoCategories.csproj", "{88BB9FF5-DA8F-4E02-9554-58595E34378C}"
EndProject
Project("{FAE04EC0-301F-11D3-BF4B-00C04F79EFBC}") = "AttackImprovementMod", "AttackImprovementMod\AttackImprovementMod.csproj", "{02C8AB19-160A-474F-9135-5C72B38CE1B8}"
EndProject
Project("{FAE04EC0-301F-11D3-BF4B-00C04F79EFBC}") = "CustomUnits", "CustomUnits\CustomUnits.csproj", "{7B2700A2-64D9-4019-8999-723D2292F193}"
EndProject
Project("{FAE04EC0-301F-11D3-BF4B-00C04F79EFBC}") = "CustomProfiler", "CustomProfiler\CustomProfiler.csproj", "{B431B037-2EBD-41FB-B0D7-BBDF5CED9199}"
EndProject
Project("{FAE04EC0-301F-11D3-BF4B-00C04F79EFBC}") = "DBGSkirmishMechList", "DBGSkirmishMechList\DBGSkirmishMechList.csproj", "{4B6F575C-5DFD-41AB-B99C-B847D37AB636}"
EndProject
Project("{FAE04EC0-301F-11D3-BF4B-00C04F79EFBC}") = "CustomVoices", "CustomVoices\CustomVoices.csproj", "{0EEA6D31-C170-41EC-9152-4AA783CDD8D1}"
EndProject
Project("{FAE04EC0-301F-11D3-BF4B-00C04F79EFBC}") = "VoicePackDefCreator", "VoicePackDefCreator\VoicePackDefCreator.csproj", "{ABC7834A-B17E-4FC6-9DF4-12882E781241}"
EndProject
Project("{2150E333-8FDC-42A3-9474-1A3956D46DE8}") = "Solution Items", "Solution Items", "{6BAC2C62-C716-4939-8C11-17CF9BA18D81}"
	ProjectSection(SolutionItems) = preProject
		AdditionalFiles\AIM-changelog.txt = AdditionalFiles\AIM-changelog.txt
		AdditionalFiles\AIM-LICENSE.html = AdditionalFiles\AIM-LICENSE.html
		AdditionalFiles\AIM-README.html = AdditionalFiles\AIM-README.html
		AdditionalFiles\AIM-README.md = AdditionalFiles\AIM-README.md
		AdditionalFiles\AIM_settings.json = AdditionalFiles\AIM_settings.json
		AdditionalFiles\CustomAmmoCategoriesSettings.json = AdditionalFiles\CustomAmmoCategoriesSettings.json
		AdditionalFiles\favicon.ico = AdditionalFiles\favicon.ico
		AdditionalFiles\index.html = AdditionalFiles\index.html
		AdditionalFiles\index.js = AdditionalFiles\index.js
		AdditionalFiles\jquery.js = AdditionalFiles\jquery.js
		AdditionalFiles\mod.json = AdditionalFiles\mod.json
		AdditionalFiles\README.txt = AdditionalFiles\README.txt
		AdditionalFiles\WeaponRealizerSettings.json = AdditionalFiles\WeaponRealizerSettings.json
		AdditionalFiles\WR-LICENSE = AdditionalFiles\WR-LICENSE
		AdditionalFiles\WR-README.md = AdditionalFiles\WR-README.md
	EndProjectSection
EndProject
Global
	GlobalSection(SolutionConfigurationPlatforms) = preSolution
		Debug|Any CPU = Debug|Any CPU
		Release|Any CPU = Release|Any CPU
	EndGlobalSection
	GlobalSection(ProjectConfigurationPlatforms) = postSolution
		{88BB9FF5-DA8F-4E02-9554-58595E34378C}.Debug|Any CPU.ActiveCfg = Debug|Any CPU
		{88BB9FF5-DA8F-4E02-9554-58595E34378C}.Debug|Any CPU.Build.0 = Debug|Any CPU
		{88BB9FF5-DA8F-4E02-9554-58595E34378C}.Release|Any CPU.ActiveCfg = Release|Any CPU
		{88BB9FF5-DA8F-4E02-9554-58595E34378C}.Release|Any CPU.Build.0 = Release|Any CPU
		{02C8AB19-160A-474F-9135-5C72B38CE1B8}.Debug|Any CPU.ActiveCfg = Debug|Any CPU
		{02C8AB19-160A-474F-9135-5C72B38CE1B8}.Debug|Any CPU.Build.0 = Debug|Any CPU
		{02C8AB19-160A-474F-9135-5C72B38CE1B8}.Release|Any CPU.ActiveCfg = Release|Any CPU
		{02C8AB19-160A-474F-9135-5C72B38CE1B8}.Release|Any CPU.Build.0 = Release|Any CPU
		{7B2700A2-64D9-4019-8999-723D2292F193}.Debug|Any CPU.ActiveCfg = Debug|Any CPU
		{7B2700A2-64D9-4019-8999-723D2292F193}.Debug|Any CPU.Build.0 = Debug|Any CPU
		{7B2700A2-64D9-4019-8999-723D2292F193}.Release|Any CPU.ActiveCfg = Release|Any CPU
		{7B2700A2-64D9-4019-8999-723D2292F193}.Release|Any CPU.Build.0 = Release|Any CPU
		{B431B037-2EBD-41FB-B0D7-BBDF5CED9199}.Debug|Any CPU.ActiveCfg = Debug|Any CPU
		{B431B037-2EBD-41FB-B0D7-BBDF5CED9199}.Debug|Any CPU.Build.0 = Debug|Any CPU
		{B431B037-2EBD-41FB-B0D7-BBDF5CED9199}.Release|Any CPU.ActiveCfg = Release|Any CPU
		{B431B037-2EBD-41FB-B0D7-BBDF5CED9199}.Release|Any CPU.Build.0 = Release|Any CPU
		{4B6F575C-5DFD-41AB-B99C-B847D37AB636}.Debug|Any CPU.ActiveCfg = Debug|Any CPU
		{4B6F575C-5DFD-41AB-B99C-B847D37AB636}.Debug|Any CPU.Build.0 = Debug|Any CPU
		{4B6F575C-5DFD-41AB-B99C-B847D37AB636}.Release|Any CPU.ActiveCfg = Release|Any CPU
		{4B6F575C-5DFD-41AB-B99C-B847D37AB636}.Release|Any CPU.Build.0 = Release|Any CPU
		{0EEA6D31-C170-41EC-9152-4AA783CDD8D1}.Debug|Any CPU.ActiveCfg = Debug|Any CPU
		{0EEA6D31-C170-41EC-9152-4AA783CDD8D1}.Debug|Any CPU.Build.0 = Debug|Any CPU
		{0EEA6D31-C170-41EC-9152-4AA783CDD8D1}.Release|Any CPU.ActiveCfg = Release|Any CPU
		{0EEA6D31-C170-41EC-9152-4AA783CDD8D1}.Release|Any CPU.Build.0 = Release|Any CPU
		{ABC7834A-B17E-4FC6-9DF4-12882E781241}.Debug|Any CPU.ActiveCfg = Debug|Any CPU
		{ABC7834A-B17E-4FC6-9DF4-12882E781241}.Debug|Any CPU.Build.0 = Debug|Any CPU
		{ABC7834A-B17E-4FC6-9DF4-12882E781241}.Release|Any CPU.ActiveCfg = Release|Any CPU
		{ABC7834A-B17E-4FC6-9DF4-12882E781241}.Release|Any CPU.Build.0 = Release|Any CPU
	EndGlobalSection
	GlobalSection(SolutionProperties) = preSolution
		HideSolutionNode = FALSE
	EndGlobalSection
	GlobalSection(ExtensibilityGlobals) = postSolution
		SolutionGuid = {87857944-C0F6-4F81-B2C7-A9D195BC6A9E}
	EndGlobalSection
EndGlobal
