
Microsoft Visual Studio Solution File, Format Version 12.00
# Visual Studio 15
VisualStudioVersion = 15.0.28010.0
MinimumVisualStudioVersion = 10.0.40219.1
Project("{FAE04EC0-301F-11D3-BF4B-00C04F79EFBC}") = "CustomAmmoCategories", "CustomAmmoCategories\CustomAmmoCategories.csproj", "{88BB9FF5-DA8F-4E02-9554-58595E34378C}"
EndProject
Project("{FAE04EC0-301F-11D3-BF4B-00C04F79EFBC}") = "AttackImprovementMod", "AttackImprovementMod\AttackImprovementMod.csproj", "{02C8AB19-160A-474F-9135-5C72B38CE1B8}"
EndProject
Project("{FAE04EC0-301F-11D3-BF4B-00C04F79EFBC}") = "CustomUnits", "CustomUnits\CustomUnits.csproj", "{7B2700A2-64D9-4019-8999-723D2292F193}"
EndProject
Project("{FAE04EC0-301F-11D3-BF4B-00C04F79EFBC}") = "DBGSkirmishMechList", "DBGSkirmishMechList\DBGSkirmishMechList.csproj", "{4B6F575C-5DFD-41AB-B99C-B847D37AB636}"
EndProject
Project("{FAE04EC0-301F-11D3-BF4B-00C04F79EFBC}") = "VoicePackDefCreator", "VoicePackDefCreator\VoicePackDefCreator.csproj", "{ABC7834A-B17E-4FC6-9DF4-12882E781241}"
EndProject
Project("{2150E333-8FDC-42A3-9474-1A3956D46DE8}") = "Solution Items", "Solution Items", "{6BAC2C62-C716-4939-8C11-17CF9BA18D81}"
EndProject
Project("{FAE04EC0-301F-11D3-BF4B-00C04F79EFBC}") = "CACAccModDemo", "CACAccModDemo\CACAccModDemo.csproj", "{971E42D0-606F-4231-8EBD-9EDF49134EE2}"
EndProject
Project("{2150E333-8FDC-42A3-9474-1A3956D46DE8}") = "CAC", "CAC", "{B565A406-478A-4DC8-9683-D7B8AA84308C}"
	ProjectSection(SolutionItems) = preProject
		AdditionalFiles\CAC\CustomAmmoCategoriesSettings.json = AdditionalFiles\CAC\CustomAmmoCategoriesSettings.json
		AdditionalFiles\CAC\README.txt = AdditionalFiles\CAC\README.txt
		AdditionalFiles\CAC\WeaponRealizerSettings.json = AdditionalFiles\CAC\WeaponRealizerSettings.json
	EndProjectSection
EndProject
Project("{2150E333-8FDC-42A3-9474-1A3956D46DE8}") = "CU", "CU", "{02814F89-990C-4BD8-8475-347BF4F2D91D}"
	ProjectSection(SolutionItems) = preProject
		AdditionalFiles\CU\mod.json = AdditionalFiles\CU\mod.json
		AdditionalFiles\CU\Readme.txt = AdditionalFiles\CU\Readme.txt
	EndProjectSection
EndProject
Project("{FAE04EC0-301F-11D3-BF4B-00C04F79EFBC}") = "SoundBanksPostprocessor", "SoundBanksPostprocessor\SoundBanksPostprocessor.csproj", "{35607713-4ED2-4FD4-99B9-B236C5EC7218}"
EndProject
Project("{FAE04EC0-301F-11D3-BF4B-00C04F79EFBC}") = "CustomUnitsVTOLTransfer", "CustomUnitsVTOLTransfer\CustomUnitsVTOLTransfer.csproj", "{2E5E18CC-4C20-4B9D-B996-E59486256C2E}"
EndProject
Project("{9A19103F-16F7-4668-BE54-9A1E7A4F7556}") = "CustomRepresentationHelper", "CustomRepresentationHelper\CustomRepresentationHelper.csproj", "{85BEEC30-A40A-47A2-86BB-3D8561F4E226}"
EndProject
Project("{FAE04EC0-301F-11D3-BF4B-00C04F79EFBC}") = "CustomDeploy", "CustomDeploy\CustomDeploy.csproj", "{AC7D1809-5127-4DD7-BD56-FB008C2E2CA2}"
EndProject
Project("{FAE04EC0-301F-11D3-BF4B-00C04F79EFBC}") = "CustomUnitsHelper", "CustomUnitsHelper\CustomUnitsHelper.csproj", "{40242289-B4AF-49A2-9F30-93C19763D97D}"
EndProject
Project("{FAE04EC0-301F-11D3-BF4B-00C04F79EFBC}") = "CustomAmmoCategoriesPrivate", "CustomAmmoCategoriesPrivate\CustomAmmoCategoriesPrivate.csproj", "{514D6551-B883-4D4D-821E-23FD202835A6}"
EndProject
Global
	GlobalSection(SolutionConfigurationPlatforms) = preSolution
		Debug|Any CPU = Debug|Any CPU
		Debug|x64 = Debug|x64
		Debug|x86 = Debug|x86
		Release|Any CPU = Release|Any CPU
		Release|x64 = Release|x64
		Release|x86 = Release|x86
	EndGlobalSection
	GlobalSection(ProjectConfigurationPlatforms) = postSolution
		{88BB9FF5-DA8F-4E02-9554-58595E34378C}.Debug|Any CPU.ActiveCfg = Debug|Any CPU
		{88BB9FF5-DA8F-4E02-9554-58595E34378C}.Debug|Any CPU.Build.0 = Debug|Any CPU
		{88BB9FF5-DA8F-4E02-9554-58595E34378C}.Debug|x64.ActiveCfg = Debug|Any CPU
		{88BB9FF5-DA8F-4E02-9554-58595E34378C}.Debug|x64.Build.0 = Debug|Any CPU
		{88BB9FF5-DA8F-4E02-9554-58595E34378C}.Debug|x86.ActiveCfg = Debug|Any CPU
		{88BB9FF5-DA8F-4E02-9554-58595E34378C}.Debug|x86.Build.0 = Debug|Any CPU
		{88BB9FF5-DA8F-4E02-9554-58595E34378C}.Release|Any CPU.ActiveCfg = Release|Any CPU
		{88BB9FF5-DA8F-4E02-9554-58595E34378C}.Release|Any CPU.Build.0 = Release|Any CPU
		{88BB9FF5-DA8F-4E02-9554-58595E34378C}.Release|x64.ActiveCfg = Release|Any CPU
		{88BB9FF5-DA8F-4E02-9554-58595E34378C}.Release|x64.Build.0 = Release|Any CPU
		{88BB9FF5-DA8F-4E02-9554-58595E34378C}.Release|x86.ActiveCfg = Release|Any CPU
		{88BB9FF5-DA8F-4E02-9554-58595E34378C}.Release|x86.Build.0 = Release|Any CPU
		{02C8AB19-160A-474F-9135-5C72B38CE1B8}.Debug|Any CPU.ActiveCfg = Debug|Any CPU
		{02C8AB19-160A-474F-9135-5C72B38CE1B8}.Debug|Any CPU.Build.0 = Debug|Any CPU
		{02C8AB19-160A-474F-9135-5C72B38CE1B8}.Debug|x64.ActiveCfg = Debug|Any CPU
		{02C8AB19-160A-474F-9135-5C72B38CE1B8}.Debug|x64.Build.0 = Debug|Any CPU
		{02C8AB19-160A-474F-9135-5C72B38CE1B8}.Debug|x86.ActiveCfg = Debug|Any CPU
		{02C8AB19-160A-474F-9135-5C72B38CE1B8}.Debug|x86.Build.0 = Debug|Any CPU
		{02C8AB19-160A-474F-9135-5C72B38CE1B8}.Release|Any CPU.ActiveCfg = Release|Any CPU
		{02C8AB19-160A-474F-9135-5C72B38CE1B8}.Release|Any CPU.Build.0 = Release|Any CPU
		{02C8AB19-160A-474F-9135-5C72B38CE1B8}.Release|x64.ActiveCfg = Release|Any CPU
		{02C8AB19-160A-474F-9135-5C72B38CE1B8}.Release|x64.Build.0 = Release|Any CPU
		{02C8AB19-160A-474F-9135-5C72B38CE1B8}.Release|x86.ActiveCfg = Release|Any CPU
		{02C8AB19-160A-474F-9135-5C72B38CE1B8}.Release|x86.Build.0 = Release|Any CPU
		{7B2700A2-64D9-4019-8999-723D2292F193}.Debug|Any CPU.ActiveCfg = Debug|Any CPU
		{7B2700A2-64D9-4019-8999-723D2292F193}.Debug|Any CPU.Build.0 = Debug|Any CPU
		{7B2700A2-64D9-4019-8999-723D2292F193}.Debug|x64.ActiveCfg = Debug|Any CPU
		{7B2700A2-64D9-4019-8999-723D2292F193}.Debug|x64.Build.0 = Debug|Any CPU
		{7B2700A2-64D9-4019-8999-723D2292F193}.Debug|x86.ActiveCfg = Debug|Any CPU
		{7B2700A2-64D9-4019-8999-723D2292F193}.Debug|x86.Build.0 = Debug|Any CPU
		{7B2700A2-64D9-4019-8999-723D2292F193}.Release|Any CPU.ActiveCfg = Release|Any CPU
		{7B2700A2-64D9-4019-8999-723D2292F193}.Release|Any CPU.Build.0 = Release|Any CPU
		{7B2700A2-64D9-4019-8999-723D2292F193}.Release|x64.ActiveCfg = Release|Any CPU
		{7B2700A2-64D9-4019-8999-723D2292F193}.Release|x64.Build.0 = Release|Any CPU
		{7B2700A2-64D9-4019-8999-723D2292F193}.Release|x86.ActiveCfg = Release|Any CPU
		{7B2700A2-64D9-4019-8999-723D2292F193}.Release|x86.Build.0 = Release|Any CPU
		{4B6F575C-5DFD-41AB-B99C-B847D37AB636}.Debug|Any CPU.ActiveCfg = Debug|Any CPU
		{4B6F575C-5DFD-41AB-B99C-B847D37AB636}.Debug|Any CPU.Build.0 = Debug|Any CPU
		{4B6F575C-5DFD-41AB-B99C-B847D37AB636}.Debug|x64.ActiveCfg = Debug|Any CPU
		{4B6F575C-5DFD-41AB-B99C-B847D37AB636}.Debug|x64.Build.0 = Debug|Any CPU
		{4B6F575C-5DFD-41AB-B99C-B847D37AB636}.Debug|x86.ActiveCfg = Debug|Any CPU
		{4B6F575C-5DFD-41AB-B99C-B847D37AB636}.Debug|x86.Build.0 = Debug|Any CPU
		{4B6F575C-5DFD-41AB-B99C-B847D37AB636}.Release|Any CPU.ActiveCfg = Release|Any CPU
		{4B6F575C-5DFD-41AB-B99C-B847D37AB636}.Release|Any CPU.Build.0 = Release|Any CPU
		{4B6F575C-5DFD-41AB-B99C-B847D37AB636}.Release|x64.ActiveCfg = Release|Any CPU
		{4B6F575C-5DFD-41AB-B99C-B847D37AB636}.Release|x64.Build.0 = Release|Any CPU
		{4B6F575C-5DFD-41AB-B99C-B847D37AB636}.Release|x86.ActiveCfg = Release|Any CPU
		{4B6F575C-5DFD-41AB-B99C-B847D37AB636}.Release|x86.Build.0 = Release|Any CPU
		{ABC7834A-B17E-4FC6-9DF4-12882E781241}.Debug|Any CPU.ActiveCfg = Debug|Any CPU
		{ABC7834A-B17E-4FC6-9DF4-12882E781241}.Debug|Any CPU.Build.0 = Debug|Any CPU
		{ABC7834A-B17E-4FC6-9DF4-12882E781241}.Debug|x64.ActiveCfg = Debug|Any CPU
		{ABC7834A-B17E-4FC6-9DF4-12882E781241}.Debug|x64.Build.0 = Debug|Any CPU
		{ABC7834A-B17E-4FC6-9DF4-12882E781241}.Debug|x86.ActiveCfg = Debug|Any CPU
		{ABC7834A-B17E-4FC6-9DF4-12882E781241}.Debug|x86.Build.0 = Debug|Any CPU
		{ABC7834A-B17E-4FC6-9DF4-12882E781241}.Release|Any CPU.ActiveCfg = Release|Any CPU
		{ABC7834A-B17E-4FC6-9DF4-12882E781241}.Release|Any CPU.Build.0 = Release|Any CPU
		{ABC7834A-B17E-4FC6-9DF4-12882E781241}.Release|x64.ActiveCfg = Release|Any CPU
		{ABC7834A-B17E-4FC6-9DF4-12882E781241}.Release|x64.Build.0 = Release|Any CPU
		{ABC7834A-B17E-4FC6-9DF4-12882E781241}.Release|x86.ActiveCfg = Release|Any CPU
		{ABC7834A-B17E-4FC6-9DF4-12882E781241}.Release|x86.Build.0 = Release|Any CPU
		{971E42D0-606F-4231-8EBD-9EDF49134EE2}.Debug|Any CPU.ActiveCfg = Debug|Any CPU
		{971E42D0-606F-4231-8EBD-9EDF49134EE2}.Debug|Any CPU.Build.0 = Debug|Any CPU
		{971E42D0-606F-4231-8EBD-9EDF49134EE2}.Debug|x64.ActiveCfg = Debug|Any CPU
		{971E42D0-606F-4231-8EBD-9EDF49134EE2}.Debug|x64.Build.0 = Debug|Any CPU
		{971E42D0-606F-4231-8EBD-9EDF49134EE2}.Debug|x86.ActiveCfg = Debug|Any CPU
		{971E42D0-606F-4231-8EBD-9EDF49134EE2}.Debug|x86.Build.0 = Debug|Any CPU
		{971E42D0-606F-4231-8EBD-9EDF49134EE2}.Release|Any CPU.ActiveCfg = Release|Any CPU
		{971E42D0-606F-4231-8EBD-9EDF49134EE2}.Release|Any CPU.Build.0 = Release|Any CPU
		{971E42D0-606F-4231-8EBD-9EDF49134EE2}.Release|x64.ActiveCfg = Release|Any CPU
		{971E42D0-606F-4231-8EBD-9EDF49134EE2}.Release|x64.Build.0 = Release|Any CPU
		{971E42D0-606F-4231-8EBD-9EDF49134EE2}.Release|x86.ActiveCfg = Release|Any CPU
		{971E42D0-606F-4231-8EBD-9EDF49134EE2}.Release|x86.Build.0 = Release|Any CPU
		{35607713-4ED2-4FD4-99B9-B236C5EC7218}.Debug|Any CPU.ActiveCfg = Debug|Any CPU
		{35607713-4ED2-4FD4-99B9-B236C5EC7218}.Debug|Any CPU.Build.0 = Debug|Any CPU
		{35607713-4ED2-4FD4-99B9-B236C5EC7218}.Debug|x64.ActiveCfg = Debug|Any CPU
		{35607713-4ED2-4FD4-99B9-B236C5EC7218}.Debug|x64.Build.0 = Debug|Any CPU
		{35607713-4ED2-4FD4-99B9-B236C5EC7218}.Debug|x86.ActiveCfg = Debug|Any CPU
		{35607713-4ED2-4FD4-99B9-B236C5EC7218}.Debug|x86.Build.0 = Debug|Any CPU
		{35607713-4ED2-4FD4-99B9-B236C5EC7218}.Release|Any CPU.ActiveCfg = Release|Any CPU
		{35607713-4ED2-4FD4-99B9-B236C5EC7218}.Release|Any CPU.Build.0 = Release|Any CPU
		{35607713-4ED2-4FD4-99B9-B236C5EC7218}.Release|x64.ActiveCfg = Release|Any CPU
		{35607713-4ED2-4FD4-99B9-B236C5EC7218}.Release|x64.Build.0 = Release|Any CPU
		{35607713-4ED2-4FD4-99B9-B236C5EC7218}.Release|x86.ActiveCfg = Release|Any CPU
		{35607713-4ED2-4FD4-99B9-B236C5EC7218}.Release|x86.Build.0 = Release|Any CPU
		{2E5E18CC-4C20-4B9D-B996-E59486256C2E}.Debug|Any CPU.ActiveCfg = Debug|Any CPU
		{2E5E18CC-4C20-4B9D-B996-E59486256C2E}.Debug|Any CPU.Build.0 = Debug|Any CPU
		{2E5E18CC-4C20-4B9D-B996-E59486256C2E}.Debug|x64.ActiveCfg = Debug|Any CPU
		{2E5E18CC-4C20-4B9D-B996-E59486256C2E}.Debug|x64.Build.0 = Debug|Any CPU
		{2E5E18CC-4C20-4B9D-B996-E59486256C2E}.Debug|x86.ActiveCfg = Debug|Any CPU
		{2E5E18CC-4C20-4B9D-B996-E59486256C2E}.Debug|x86.Build.0 = Debug|Any CPU
		{2E5E18CC-4C20-4B9D-B996-E59486256C2E}.Release|Any CPU.ActiveCfg = Release|Any CPU
		{2E5E18CC-4C20-4B9D-B996-E59486256C2E}.Release|Any CPU.Build.0 = Release|Any CPU
		{2E5E18CC-4C20-4B9D-B996-E59486256C2E}.Release|x64.ActiveCfg = Release|Any CPU
		{2E5E18CC-4C20-4B9D-B996-E59486256C2E}.Release|x64.Build.0 = Release|Any CPU
		{2E5E18CC-4C20-4B9D-B996-E59486256C2E}.Release|x86.ActiveCfg = Release|Any CPU
		{2E5E18CC-4C20-4B9D-B996-E59486256C2E}.Release|x86.Build.0 = Release|Any CPU
		{85BEEC30-A40A-47A2-86BB-3D8561F4E226}.Debug|Any CPU.ActiveCfg = Debug|Any CPU
		{85BEEC30-A40A-47A2-86BB-3D8561F4E226}.Debug|Any CPU.Build.0 = Debug|Any CPU
		{85BEEC30-A40A-47A2-86BB-3D8561F4E226}.Debug|x64.ActiveCfg = Debug|Any CPU
		{85BEEC30-A40A-47A2-86BB-3D8561F4E226}.Debug|x64.Build.0 = Debug|Any CPU
		{85BEEC30-A40A-47A2-86BB-3D8561F4E226}.Debug|x86.ActiveCfg = Debug|Any CPU
		{85BEEC30-A40A-47A2-86BB-3D8561F4E226}.Debug|x86.Build.0 = Debug|Any CPU
		{85BEEC30-A40A-47A2-86BB-3D8561F4E226}.Release|Any CPU.ActiveCfg = Release|Any CPU
		{85BEEC30-A40A-47A2-86BB-3D8561F4E226}.Release|Any CPU.Build.0 = Release|Any CPU
		{85BEEC30-A40A-47A2-86BB-3D8561F4E226}.Release|x64.ActiveCfg = Release|Any CPU
		{85BEEC30-A40A-47A2-86BB-3D8561F4E226}.Release|x64.Build.0 = Release|Any CPU
		{85BEEC30-A40A-47A2-86BB-3D8561F4E226}.Release|x86.ActiveCfg = Release|Any CPU
		{85BEEC30-A40A-47A2-86BB-3D8561F4E226}.Release|x86.Build.0 = Release|Any CPU
		{AC7D1809-5127-4DD7-BD56-FB008C2E2CA2}.Debug|Any CPU.ActiveCfg = Debug|Any CPU
		{AC7D1809-5127-4DD7-BD56-FB008C2E2CA2}.Debug|Any CPU.Build.0 = Debug|Any CPU
		{AC7D1809-5127-4DD7-BD56-FB008C2E2CA2}.Debug|x64.ActiveCfg = Debug|Any CPU
		{AC7D1809-5127-4DD7-BD56-FB008C2E2CA2}.Debug|x64.Build.0 = Debug|Any CPU
		{AC7D1809-5127-4DD7-BD56-FB008C2E2CA2}.Debug|x86.ActiveCfg = Debug|Any CPU
		{AC7D1809-5127-4DD7-BD56-FB008C2E2CA2}.Debug|x86.Build.0 = Debug|Any CPU
		{AC7D1809-5127-4DD7-BD56-FB008C2E2CA2}.Release|Any CPU.ActiveCfg = Release|Any CPU
		{AC7D1809-5127-4DD7-BD56-FB008C2E2CA2}.Release|Any CPU.Build.0 = Release|Any CPU
		{AC7D1809-5127-4DD7-BD56-FB008C2E2CA2}.Release|x64.ActiveCfg = Release|Any CPU
		{AC7D1809-5127-4DD7-BD56-FB008C2E2CA2}.Release|x64.Build.0 = Release|Any CPU
		{AC7D1809-5127-4DD7-BD56-FB008C2E2CA2}.Release|x86.ActiveCfg = Release|Any CPU
		{AC7D1809-5127-4DD7-BD56-FB008C2E2CA2}.Release|x86.Build.0 = Release|Any CPU
		{40242289-B4AF-49A2-9F30-93C19763D97D}.Debug|Any CPU.ActiveCfg = Debug|Any CPU
		{40242289-B4AF-49A2-9F30-93C19763D97D}.Debug|Any CPU.Build.0 = Debug|Any CPU
		{40242289-B4AF-49A2-9F30-93C19763D97D}.Debug|x64.ActiveCfg = Debug|Any CPU
		{40242289-B4AF-49A2-9F30-93C19763D97D}.Debug|x64.Build.0 = Debug|Any CPU
		{40242289-B4AF-49A2-9F30-93C19763D97D}.Debug|x86.ActiveCfg = Debug|Any CPU
		{40242289-B4AF-49A2-9F30-93C19763D97D}.Debug|x86.Build.0 = Debug|Any CPU
		{40242289-B4AF-49A2-9F30-93C19763D97D}.Release|Any CPU.ActiveCfg = Release|Any CPU
		{40242289-B4AF-49A2-9F30-93C19763D97D}.Release|Any CPU.Build.0 = Release|Any CPU
		{40242289-B4AF-49A2-9F30-93C19763D97D}.Release|x64.ActiveCfg = Release|Any CPU
		{40242289-B4AF-49A2-9F30-93C19763D97D}.Release|x64.Build.0 = Release|Any CPU
		{40242289-B4AF-49A2-9F30-93C19763D97D}.Release|x86.ActiveCfg = Release|Any CPU
		{40242289-B4AF-49A2-9F30-93C19763D97D}.Release|x86.Build.0 = Release|Any CPU
		{514D6551-B883-4D4D-821E-23FD202835A6}.Debug|Any CPU.ActiveCfg = Debug|Any CPU
		{514D6551-B883-4D4D-821E-23FD202835A6}.Debug|Any CPU.Build.0 = Debug|Any CPU
		{514D6551-B883-4D4D-821E-23FD202835A6}.Debug|x64.ActiveCfg = Debug|Any CPU
		{514D6551-B883-4D4D-821E-23FD202835A6}.Debug|x64.Build.0 = Debug|Any CPU
		{514D6551-B883-4D4D-821E-23FD202835A6}.Debug|x86.ActiveCfg = Debug|Any CPU
		{514D6551-B883-4D4D-821E-23FD202835A6}.Debug|x86.Build.0 = Debug|Any CPU
		{514D6551-B883-4D4D-821E-23FD202835A6}.Release|Any CPU.ActiveCfg = Release|Any CPU
		{514D6551-B883-4D4D-821E-23FD202835A6}.Release|Any CPU.Build.0 = Release|Any CPU
		{514D6551-B883-4D4D-821E-23FD202835A6}.Release|x64.ActiveCfg = Release|Any CPU
		{514D6551-B883-4D4D-821E-23FD202835A6}.Release|x64.Build.0 = Release|Any CPU
		{514D6551-B883-4D4D-821E-23FD202835A6}.Release|x86.ActiveCfg = Release|Any CPU
		{514D6551-B883-4D4D-821E-23FD202835A6}.Release|x86.Build.0 = Release|Any CPU
	EndGlobalSection
	GlobalSection(SolutionProperties) = preSolution
		HideSolutionNode = FALSE
	EndGlobalSection
	GlobalSection(NestedProjects) = preSolution
		{B565A406-478A-4DC8-9683-D7B8AA84308C} = {6BAC2C62-C716-4939-8C11-17CF9BA18D81}
		{02814F89-990C-4BD8-8475-347BF4F2D91D} = {6BAC2C62-C716-4939-8C11-17CF9BA18D81}
	EndGlobalSection
	GlobalSection(ExtensibilityGlobals) = postSolution
		SolutionGuid = {87857944-C0F6-4F81-B2C7-A9D195BC6A9E}
	EndGlobalSection
EndGlobal
